// !$*UTF8*$!
{
	archiveVersion = 1;
	classes = {
	};
	objectVersion = 48;
	objects = {

/* Begin PBXBuildFile section */
		2B1FD67E202B432D0031FF4E /* AppDelegate.swift in Sources */ = {isa = PBXBuildFile; fileRef = 2B1FD67D202B432D0031FF4E /* AppDelegate.swift */; };
		2B1FD680202B432D0031FF4E /* ViewController.swift in Sources */ = {isa = PBXBuildFile; fileRef = 2B1FD67F202B432D0031FF4E /* ViewController.swift */; };
		2B1FD683202B432D0031FF4E /* Main.storyboard in Resources */ = {isa = PBXBuildFile; fileRef = 2B1FD681202B432D0031FF4E /* Main.storyboard */; };
		2B1FD685202B432D0031FF4E /* Assets.xcassets in Resources */ = {isa = PBXBuildFile; fileRef = 2B1FD684202B432D0031FF4E /* Assets.xcassets */; };
		2B1FD688202B432D0031FF4E /* LaunchScreen.storyboard in Resources */ = {isa = PBXBuildFile; fileRef = 2B1FD686202B432D0031FF4E /* LaunchScreen.storyboard */; };
		2B1FD693202B432D0031FF4E /* iOS_SampleTests.swift in Sources */ = {isa = PBXBuildFile; fileRef = 2B1FD692202B432D0031FF4E /* iOS_SampleTests.swift */; };
		2B1FD69E202B432D0031FF4E /* iOS_SampleUITests.swift in Sources */ = {isa = PBXBuildFile; fileRef = 2B1FD69D202B432D0031FF4E /* iOS_SampleUITests.swift */; };
		2B1FD6AC202B43850031FF4E /* StringStylizer.framework in Frameworks */ = {isa = PBXBuildFile; fileRef = 2B1FD6AD202B43850031FF4E /* StringStylizer.framework */; };
/* End PBXBuildFile section */

/* Begin PBXContainerItemProxy section */
		2B1FD68F202B432D0031FF4E /* PBXContainerItemProxy */ = {
			isa = PBXContainerItemProxy;
			containerPortal = 2B1FD672202B432D0031FF4E /* Project object */;
			proxyType = 1;
			remoteGlobalIDString = 2B1FD679202B432D0031FF4E;
			remoteInfo = "iOS Sample";
		};
		2B1FD69A202B432D0031FF4E /* PBXContainerItemProxy */ = {
			isa = PBXContainerItemProxy;
			containerPortal = 2B1FD672202B432D0031FF4E /* Project object */;
			proxyType = 1;
			remoteGlobalIDString = 2B1FD679202B432D0031FF4E;
			remoteInfo = "iOS Sample";
		};
/* End PBXContainerItemProxy section */

/* Begin PBXFileReference section */
		2B1FD67A202B432D0031FF4E /* iOS Sample.app */ = {isa = PBXFileReference; explicitFileType = wrapper.application; includeInIndex = 0; path = "iOS Sample.app"; sourceTree = BUILT_PRODUCTS_DIR; };
		2B1FD67D202B432D0031FF4E /* AppDelegate.swift */ = {isa = PBXFileReference; lastKnownFileType = sourcecode.swift; path = AppDelegate.swift; sourceTree = "<group>"; };
		2B1FD67F202B432D0031FF4E /* ViewController.swift */ = {isa = PBXFileReference; lastKnownFileType = sourcecode.swift; path = ViewController.swift; sourceTree = "<group>"; };
		2B1FD682202B432D0031FF4E /* Base */ = {isa = PBXFileReference; lastKnownFileType = file.storyboard; name = Base; path = Base.lproj/Main.storyboard; sourceTree = "<group>"; };
		2B1FD684202B432D0031FF4E /* Assets.xcassets */ = {isa = PBXFileReference; lastKnownFileType = folder.assetcatalog; path = Assets.xcassets; sourceTree = "<group>"; };
		2B1FD687202B432D0031FF4E /* Base */ = {isa = PBXFileReference; lastKnownFileType = file.storyboard; name = Base; path = Base.lproj/LaunchScreen.storyboard; sourceTree = "<group>"; };
		2B1FD689202B432D0031FF4E /* Info.plist */ = {isa = PBXFileReference; lastKnownFileType = text.plist.xml; path = Info.plist; sourceTree = "<group>"; };
		2B1FD68E202B432D0031FF4E /* iOS SampleTests.xctest */ = {isa = PBXFileReference; explicitFileType = wrapper.cfbundle; includeInIndex = 0; path = "iOS SampleTests.xctest"; sourceTree = BUILT_PRODUCTS_DIR; };
		2B1FD692202B432D0031FF4E /* iOS_SampleTests.swift */ = {isa = PBXFileReference; lastKnownFileType = sourcecode.swift; path = iOS_SampleTests.swift; sourceTree = "<group>"; };
		2B1FD694202B432D0031FF4E /* Info.plist */ = {isa = PBXFileReference; lastKnownFileType = text.plist.xml; path = Info.plist; sourceTree = "<group>"; };
		2B1FD699202B432D0031FF4E /* iOS SampleUITests.xctest */ = {isa = PBXFileReference; explicitFileType = wrapper.cfbundle; includeInIndex = 0; path = "iOS SampleUITests.xctest"; sourceTree = BUILT_PRODUCTS_DIR; };
		2B1FD69D202B432D0031FF4E /* iOS_SampleUITests.swift */ = {isa = PBXFileReference; lastKnownFileType = sourcecode.swift; path = iOS_SampleUITests.swift; sourceTree = "<group>"; };
		2B1FD69F202B432D0031FF4E /* Info.plist */ = {isa = PBXFileReference; lastKnownFileType = text.plist.xml; path = Info.plist; sourceTree = "<group>"; };
		2B1FD6AD202B43850031FF4E /* StringStylizer.framework */ = {isa = PBXFileReference; explicitFileType = wrapper.framework; path = StringStylizer.framework; sourceTree = BUILT_PRODUCTS_DIR; };
/* End PBXFileReference section */

/* Begin PBXFrameworksBuildPhase section */
		2B1FD677202B432D0031FF4E /* Frameworks */ = {
			isa = PBXFrameworksBuildPhase;
			buildActionMask = 2147483647;
			files = (
				2B1FD6AC202B43850031FF4E /* StringStylizer.framework in Frameworks */,
			);
			runOnlyForDeploymentPostprocessing = 0;
		};
		2B1FD68B202B432D0031FF4E /* Frameworks */ = {
			isa = PBXFrameworksBuildPhase;
			buildActionMask = 2147483647;
			files = (
			);
			runOnlyForDeploymentPostprocessing = 0;
		};
		2B1FD696202B432D0031FF4E /* Frameworks */ = {
			isa = PBXFrameworksBuildPhase;
			buildActionMask = 2147483647;
			files = (
			);
			runOnlyForDeploymentPostprocessing = 0;
		};
/* End PBXFrameworksBuildPhase section */

/* Begin PBXGroup section */
		2B1FD671202B432D0031FF4E = {
			isa = PBXGroup;
			children = (
				2B1FD67C202B432D0031FF4E /* iOS Sample */,
				2B1FD691202B432D0031FF4E /* iOS SampleTests */,
				2B1FD69C202B432D0031FF4E /* iOS SampleUITests */,
				2B1FD67B202B432D0031FF4E /* Products */,
				2B1FD6AB202B43850031FF4E /* Frameworks */,
			);
			sourceTree = "<group>";
		};
		2B1FD67B202B432D0031FF4E /* Products */ = {
			isa = PBXGroup;
			children = (
				2B1FD67A202B432D0031FF4E /* iOS Sample.app */,
				2B1FD68E202B432D0031FF4E /* iOS SampleTests.xctest */,
				2B1FD699202B432D0031FF4E /* iOS SampleUITests.xctest */,
			);
			name = Products;
			sourceTree = "<group>";
		};
		2B1FD67C202B432D0031FF4E /* iOS Sample */ = {
			isa = PBXGroup;
			children = (
				2B1FD67D202B432D0031FF4E /* AppDelegate.swift */,
				2B1FD67F202B432D0031FF4E /* ViewController.swift */,
				2B1FD681202B432D0031FF4E /* Main.storyboard */,
				2B1FD684202B432D0031FF4E /* Assets.xcassets */,
				2B1FD686202B432D0031FF4E /* LaunchScreen.storyboard */,
				2B1FD689202B432D0031FF4E /* Info.plist */,
			);
			path = "iOS Sample";
			sourceTree = "<group>";
		};
		2B1FD691202B432D0031FF4E /* iOS SampleTests */ = {
			isa = PBXGroup;
			children = (
				2B1FD692202B432D0031FF4E /* iOS_SampleTests.swift */,
				2B1FD694202B432D0031FF4E /* Info.plist */,
			);
			path = "iOS SampleTests";
			sourceTree = "<group>";
		};
		2B1FD69C202B432D0031FF4E /* iOS SampleUITests */ = {
			isa = PBXGroup;
			children = (
				2B1FD69D202B432D0031FF4E /* iOS_SampleUITests.swift */,
				2B1FD69F202B432D0031FF4E /* Info.plist */,
			);
			path = "iOS SampleUITests";
			sourceTree = "<group>";
		};
		2B1FD6AB202B43850031FF4E /* Frameworks */ = {
			isa = PBXGroup;
			children = (
				2B1FD6AD202B43850031FF4E /* StringStylizer.framework */,
			);
			name = Frameworks;
			sourceTree = "<group>";
		};
/* End PBXGroup section */

/* Begin PBXNativeTarget section */
		2B1FD679202B432D0031FF4E /* iOS Sample */ = {
			isa = PBXNativeTarget;
			buildConfigurationList = 2B1FD6A2202B432D0031FF4E /* Build configuration list for PBXNativeTarget "iOS Sample" */;
			buildPhases = (
				2B1FD676202B432D0031FF4E /* Sources */,
				2B1FD677202B432D0031FF4E /* Frameworks */,
				2B1FD678202B432D0031FF4E /* Resources */,
			);
			buildRules = (
			);
			dependencies = (
			);
			name = "iOS Sample";
			productName = "iOS Sample";
			productReference = 2B1FD67A202B432D0031FF4E /* iOS Sample.app */;
			productType = "com.apple.product-type.application";
		};
		2B1FD68D202B432D0031FF4E /* iOS SampleTests */ = {
			isa = PBXNativeTarget;
			buildConfigurationList = 2B1FD6A5202B432D0031FF4E /* Build configuration list for PBXNativeTarget "iOS SampleTests" */;
			buildPhases = (
				2B1FD68A202B432D0031FF4E /* Sources */,
				2B1FD68B202B432D0031FF4E /* Frameworks */,
				2B1FD68C202B432D0031FF4E /* Resources */,
			);
			buildRules = (
			);
			dependencies = (
				2B1FD690202B432D0031FF4E /* PBXTargetDependency */,
			);
			name = "iOS SampleTests";
			productName = "iOS SampleTests";
			productReference = 2B1FD68E202B432D0031FF4E /* iOS SampleTests.xctest */;
			productType = "com.apple.product-type.bundle.unit-test";
		};
		2B1FD698202B432D0031FF4E /* iOS SampleUITests */ = {
			isa = PBXNativeTarget;
			buildConfigurationList = 2B1FD6A8202B432D0031FF4E /* Build configuration list for PBXNativeTarget "iOS SampleUITests" */;
			buildPhases = (
				2B1FD695202B432D0031FF4E /* Sources */,
				2B1FD696202B432D0031FF4E /* Frameworks */,
				2B1FD697202B432D0031FF4E /* Resources */,
			);
			buildRules = (
			);
			dependencies = (
				2B1FD69B202B432D0031FF4E /* PBXTargetDependency */,
			);
			name = "iOS SampleUITests";
			productName = "iOS SampleUITests";
			productReference = 2B1FD699202B432D0031FF4E /* iOS SampleUITests.xctest */;
			productType = "com.apple.product-type.bundle.ui-testing";
		};
/* End PBXNativeTarget section */

/* Begin PBXProject section */
		2B1FD672202B432D0031FF4E /* Project object */ = {
			isa = PBXProject;
			attributes = {
				LastSwiftUpdateCheck = 0920;
				LastUpgradeCheck = 0920;
				ORGANIZATIONNAME = "Kazuhiro Hayashi";
				TargetAttributes = {
					2B1FD679202B432D0031FF4E = {
						CreatedOnToolsVersion = 9.2;
						ProvisioningStyle = Automatic;
					};
					2B1FD68D202B432D0031FF4E = {
						CreatedOnToolsVersion = 9.2;
						ProvisioningStyle = Automatic;
						TestTargetID = 2B1FD679202B432D0031FF4E;
					};
					2B1FD698202B432D0031FF4E = {
						CreatedOnToolsVersion = 9.2;
						ProvisioningStyle = Automatic;
						TestTargetID = 2B1FD679202B432D0031FF4E;
					};
				};
			};
			buildConfigurationList = 2B1FD675202B432D0031FF4E /* Build configuration list for PBXProject "iOS Sample" */;
			compatibilityVersion = "Xcode 8.0";
			developmentRegion = en;
			hasScannedForEncodings = 0;
			knownRegions = (
				en,
				Base,
			);
			mainGroup = 2B1FD671202B432D0031FF4E;
			productRefGroup = 2B1FD67B202B432D0031FF4E /* Products */;
			projectDirPath = "";
			projectRoot = "";
			targets = (
				2B1FD679202B432D0031FF4E /* iOS Sample */,
				2B1FD68D202B432D0031FF4E /* iOS SampleTests */,
				2B1FD698202B432D0031FF4E /* iOS SampleUITests */,
			);
		};
/* End PBXProject section */

/* Begin PBXResourcesBuildPhase section */
		2B1FD678202B432D0031FF4E /* Resources */ = {
			isa = PBXResourcesBuildPhase;
			buildActionMask = 2147483647;
			files = (
				2B1FD688202B432D0031FF4E /* LaunchScreen.storyboard in Resources */,
				2B1FD685202B432D0031FF4E /* Assets.xcassets in Resources */,
				2B1FD683202B432D0031FF4E /* Main.storyboard in Resources */,
			);
			runOnlyForDeploymentPostprocessing = 0;
		};
		2B1FD68C202B432D0031FF4E /* Resources */ = {
			isa = PBXResourcesBuildPhase;
			buildActionMask = 2147483647;
			files = (
			);
			runOnlyForDeploymentPostprocessing = 0;
		};
		2B1FD697202B432D0031FF4E /* Resources */ = {
			isa = PBXResourcesBuildPhase;
			buildActionMask = 2147483647;
			files = (
			);
			runOnlyForDeploymentPostprocessing = 0;
		};
/* End PBXResourcesBuildPhase section */

/* Begin PBXSourcesBuildPhase section */
		2B1FD676202B432D0031FF4E /* Sources */ = {
			isa = PBXSourcesBuildPhase;
			buildActionMask = 2147483647;
			files = (
				2B1FD680202B432D0031FF4E /* ViewController.swift in Sources */,
				2B1FD67E202B432D0031FF4E /* AppDelegate.swift in Sources */,
			);
			runOnlyForDeploymentPostprocessing = 0;
		};
		2B1FD68A202B432D0031FF4E /* Sources */ = {
			isa = PBXSourcesBuildPhase;
			buildActionMask = 2147483647;
			files = (
				2B1FD693202B432D0031FF4E /* iOS_SampleTests.swift in Sources */,
			);
			runOnlyForDeploymentPostprocessing = 0;
		};
		2B1FD695202B432D0031FF4E /* Sources */ = {
			isa = PBXSourcesBuildPhase;
			buildActionMask = 2147483647;
			files = (
				2B1FD69E202B432D0031FF4E /* iOS_SampleUITests.swift in Sources */,
			);
			runOnlyForDeploymentPostprocessing = 0;
		};
/* End PBXSourcesBuildPhase section */

/* Begin PBXTargetDependency section */
		2B1FD690202B432D0031FF4E /* PBXTargetDependency */ = {
			isa = PBXTargetDependency;
			target = 2B1FD679202B432D0031FF4E /* iOS Sample */;
			targetProxy = 2B1FD68F202B432D0031FF4E /* PBXContainerItemProxy */;
		};
		2B1FD69B202B432D0031FF4E /* PBXTargetDependency */ = {
			isa = PBXTargetDependency;
			target = 2B1FD679202B432D0031FF4E /* iOS Sample */;
			targetProxy = 2B1FD69A202B432D0031FF4E /* PBXContainerItemProxy */;
		};
/* End PBXTargetDependency section */

/* Begin PBXVariantGroup section */
		2B1FD681202B432D0031FF4E /* Main.storyboard */ = {
			isa = PBXVariantGroup;
			children = (
				2B1FD682202B432D0031FF4E /* Base */,
			);
			name = Main.storyboard;
			sourceTree = "<group>";
		};
		2B1FD686202B432D0031FF4E /* LaunchScreen.storyboard */ = {
			isa = PBXVariantGroup;
			children = (
				2B1FD687202B432D0031FF4E /* Base */,
			);
			name = LaunchScreen.storyboard;
			sourceTree = "<group>";
		};
/* End PBXVariantGroup section */

/* Begin XCBuildConfiguration section */
		2B1FD6A0202B432D0031FF4E /* Debug */ = {
			isa = XCBuildConfiguration;
			buildSettings = {
				ALWAYS_SEARCH_USER_PATHS = NO;
				CLANG_ANALYZER_NONNULL = YES;
				CLANG_ANALYZER_NUMBER_OBJECT_CONVERSION = YES_AGGRESSIVE;
				CLANG_CXX_LANGUAGE_STANDARD = "gnu++14";
				CLANG_CXX_LIBRARY = "libc++";
				CLANG_ENABLE_MODULES = YES;
				CLANG_ENABLE_OBJC_ARC = YES;
				CLANG_WARN_BLOCK_CAPTURE_AUTORELEASING = YES;
				CLANG_WARN_BOOL_CONVERSION = YES;
				CLANG_WARN_COMMA = YES;
				CLANG_WARN_CONSTANT_CONVERSION = YES;
				CLANG_WARN_DIRECT_OBJC_ISA_USAGE = YES_ERROR;
				CLANG_WARN_DOCUMENTATION_COMMENTS = YES;
				CLANG_WARN_EMPTY_BODY = YES;
				CLANG_WARN_ENUM_CONVERSION = YES;
				CLANG_WARN_INFINITE_RECURSION = YES;
				CLANG_WARN_INT_CONVERSION = YES;
				CLANG_WARN_NON_LITERAL_NULL_CONVERSION = YES;
				CLANG_WARN_OBJC_LITERAL_CONVERSION = YES;
				CLANG_WARN_OBJC_ROOT_CLASS = YES_ERROR;
				CLANG_WARN_RANGE_LOOP_ANALYSIS = YES;
				CLANG_WARN_STRICT_PROTOTYPES = YES;
				CLANG_WARN_SUSPICIOUS_MOVE = YES;
				CLANG_WARN_UNGUARDED_AVAILABILITY = YES_AGGRESSIVE;
				CLANG_WARN_UNREACHABLE_CODE = YES;
				CLANG_WARN__DUPLICATE_METHOD_MATCH = YES;
				CODE_SIGN_IDENTITY = "iPhone Developer";
				COPY_PHASE_STRIP = NO;
				DEBUG_INFORMATION_FORMAT = dwarf;
				ENABLE_STRICT_OBJC_MSGSEND = YES;
				ENABLE_TESTABILITY = YES;
				GCC_C_LANGUAGE_STANDARD = gnu11;
				GCC_DYNAMIC_NO_PIC = NO;
				GCC_NO_COMMON_BLOCKS = YES;
				GCC_OPTIMIZATION_LEVEL = 0;
				GCC_PREPROCESSOR_DEFINITIONS = (
					"DEBUG=1",
					"$(inherited)",
				);
				GCC_WARN_64_TO_32_BIT_CONVERSION = YES;
				GCC_WARN_ABOUT_RETURN_TYPE = YES_ERROR;
				GCC_WARN_UNDECLARED_SELECTOR = YES;
				GCC_WARN_UNINITIALIZED_AUTOS = YES_AGGRESSIVE;
				GCC_WARN_UNUSED_FUNCTION = YES;
				GCC_WARN_UNUSED_VARIABLE = YES;
				IPHONEOS_DEPLOYMENT_TARGET = 11.2;
				MTL_ENABLE_DEBUG_INFO = YES;
				ONLY_ACTIVE_ARCH = YES;
				SDKROOT = iphoneos;
				SWIFT_ACTIVE_COMPILATION_CONDITIONS = DEBUG;
				SWIFT_OPTIMIZATION_LEVEL = "-Onone";
			};
			name = Debug;
		};
		2B1FD6A1202B432D0031FF4E /* Release */ = {
			isa = XCBuildConfiguration;
			buildSettings = {
				ALWAYS_SEARCH_USER_PATHS = NO;
				CLANG_ANALYZER_NONNULL = YES;
				CLANG_ANALYZER_NUMBER_OBJECT_CONVERSION = YES_AGGRESSIVE;
				CLANG_CXX_LANGUAGE_STANDARD = "gnu++14";
				CLANG_CXX_LIBRARY = "libc++";
				CLANG_ENABLE_MODULES = YES;
				CLANG_ENABLE_OBJC_ARC = YES;
				CLANG_WARN_BLOCK_CAPTURE_AUTORELEASING = YES;
				CLANG_WARN_BOOL_CONVERSION = YES;
				CLANG_WARN_COMMA = YES;
				CLANG_WARN_CONSTANT_CONVERSION = YES;
				CLANG_WARN_DIRECT_OBJC_ISA_USAGE = YES_ERROR;
				CLANG_WARN_DOCUMENTATION_COMMENTS = YES;
				CLANG_WARN_EMPTY_BODY = YES;
				CLANG_WARN_ENUM_CONVERSION = YES;
				CLANG_WARN_INFINITE_RECURSION = YES;
				CLANG_WARN_INT_CONVERSION = YES;
				CLANG_WARN_NON_LITERAL_NULL_CONVERSION = YES;
				CLANG_WARN_OBJC_LITERAL_CONVERSION = YES;
				CLANG_WARN_OBJC_ROOT_CLASS = YES_ERROR;
				CLANG_WARN_RANGE_LOOP_ANALYSIS = YES;
				CLANG_WARN_STRICT_PROTOTYPES = YES;
				CLANG_WARN_SUSPICIOUS_MOVE = YES;
				CLANG_WARN_UNGUARDED_AVAILABILITY = YES_AGGRESSIVE;
				CLANG_WARN_UNREACHABLE_CODE = YES;
				CLANG_WARN__DUPLICATE_METHOD_MATCH = YES;
				CODE_SIGN_IDENTITY = "iPhone Developer";
				COPY_PHASE_STRIP = NO;
				DEBUG_INFORMATION_FORMAT = "dwarf-with-dsym";
				ENABLE_NS_ASSERTIONS = NO;
				ENABLE_STRICT_OBJC_MSGSEND = YES;
				GCC_C_LANGUAGE_STANDARD = gnu11;
				GCC_NO_COMMON_BLOCKS = YES;
				GCC_WARN_64_TO_32_BIT_CONVERSION = YES;
				GCC_WARN_ABOUT_RETURN_TYPE = YES_ERROR;
				GCC_WARN_UNDECLARED_SELECTOR = YES;
				GCC_WARN_UNINITIALIZED_AUTOS = YES_AGGRESSIVE;
				GCC_WARN_UNUSED_FUNCTION = YES;
				GCC_WARN_UNUSED_VARIABLE = YES;
				IPHONEOS_DEPLOYMENT_TARGET = 11.2;
				MTL_ENABLE_DEBUG_INFO = NO;
				SDKROOT = iphoneos;
				SWIFT_OPTIMIZATION_LEVEL = "-Owholemodule";
				VALIDATE_PRODUCT = YES;
			};
			name = Release;
		};
		2B1FD6A3202B432D0031FF4E /* Debug */ = {
			isa = XCBuildConfiguration;
			buildSettings = {
				ASSETCATALOG_COMPILER_APPICON_NAME = AppIcon;
				CODE_SIGN_STYLE = Automatic;
				INFOPLIST_FILE = "iOS Sample/Info.plist";
				LD_RUNPATH_SEARCH_PATHS = "$(inherited) @executable_path/Frameworks";
				PRODUCT_BUNDLE_IDENTIFIER = "kazuhiro.hayashi.iOS-Sample";
				PRODUCT_NAME = "$(TARGET_NAME)";
				SWIFT_VERSION = 4.0;
				TARGETED_DEVICE_FAMILY = "1,2";
			};
			name = Debug;
		};
		2B1FD6A4202B432D0031FF4E /* Release */ = {
			isa = XCBuildConfiguration;
			buildSettings = {
				ASSETCATALOG_COMPILER_APPICON_NAME = AppIcon;
				CODE_SIGN_STYLE = Automatic;
				INFOPLIST_FILE = "iOS Sample/Info.plist";
				LD_RUNPATH_SEARCH_PATHS = "$(inherited) @executable_path/Frameworks";
				PRODUCT_BUNDLE_IDENTIFIER = "kazuhiro.hayashi.iOS-Sample";
				PRODUCT_NAME = "$(TARGET_NAME)";
				SWIFT_VERSION = 4.0;
				TARGETED_DEVICE_FAMILY = "1,2";
			};
			name = Release;
		};
		2B1FD6A6202B432D0031FF4E /* Debug */ = {
			isa = XCBuildConfiguration;
			buildSettings = {
				ALWAYS_EMBED_SWIFT_STANDARD_LIBRARIES = YES;
				BUNDLE_LOADER = "$(TEST_HOST)";
				CODE_SIGN_STYLE = Automatic;
				INFOPLIST_FILE = "iOS SampleTests/Info.plist";
				LD_RUNPATH_SEARCH_PATHS = "$(inherited) @executable_path/Frameworks @loader_path/Frameworks";
				PRODUCT_BUNDLE_IDENTIFIER = "kazuhiro.hayashi.iOS-SampleTests";
				PRODUCT_NAME = "$(TARGET_NAME)";
				SWIFT_VERSION = 4.0;
				TARGETED_DEVICE_FAMILY = "1,2";
				TEST_HOST = "$(BUILT_PRODUCTS_DIR)/iOS Sample.app/iOS Sample";
			};
			name = Debug;
		};
		2B1FD6A7202B432D0031FF4E /* Release */ = {
			isa = XCBuildConfiguration;
			buildSettings = {
				ALWAYS_EMBED_SWIFT_STANDARD_LIBRARIES = YES;
				BUNDLE_LOADER = "$(TEST_HOST)";
				CODE_SIGN_STYLE = Automatic;
				INFOPLIST_FILE = "iOS SampleTests/Info.plist";
				LD_RUNPATH_SEARCH_PATHS = "$(inherited) @executable_path/Frameworks @loader_path/Frameworks";
				PRODUCT_BUNDLE_IDENTIFIER = "kazuhiro.hayashi.iOS-SampleTests";
				PRODUCT_NAME = "$(TARGET_NAME)";
				SWIFT_VERSION = 4.0;
				TARGETED_DEVICE_FAMILY = "1,2";
				TEST_HOST = "$(BUILT_PRODUCTS_DIR)/iOS Sample.app/iOS Sample";
			};
			name = Release;
		};
		2B1FD6A9202B432D0031FF4E /* Debug */ = {
			isa = XCBuildConfiguration;
			buildSettings = {
				ALWAYS_EMBED_SWIFT_STANDARD_LIBRARIES = YES;
				CODE_SIGN_STYLE = Automatic;
				INFOPLIST_FILE = "iOS SampleUITests/Info.plist";
				LD_RUNPATH_SEARCH_PATHS = "$(inherited) @executable_path/Frameworks @loader_path/Frameworks";
				PRODUCT_BUNDLE_IDENTIFIER = "kazuhiro.hayashi.iOS-SampleUITests";
				PRODUCT_NAME = "$(TARGET_NAME)";
				SWIFT_VERSION = 4.0;
				TARGETED_DEVICE_FAMILY = "1,2";
				TEST_TARGET_NAME = "iOS Sample";
			};
			name = Debug;
		};
		2B1FD6AA202B432D0031FF4E /* Release */ = {
			isa = XCBuildConfiguration;
			buildSettings = {
				ALWAYS_EMBED_SWIFT_STANDARD_LIBRARIES = YES;
				CODE_SIGN_STYLE = Automatic;
				INFOPLIST_FILE = "iOS SampleUITests/Info.plist";
				LD_RUNPATH_SEARCH_PATHS = "$(inherited) @executable_path/Frameworks @loader_path/Frameworks";
				PRODUCT_BUNDLE_IDENTIFIER = "kazuhiro.hayashi.iOS-SampleUITests";
				PRODUCT_NAME = "$(TARGET_NAME)";
				SWIFT_VERSION = 4.0;
				TARGETED_DEVICE_FAMILY = "1,2";
				TEST_TARGET_NAME = "iOS Sample";
			};
			name = Release;
		};
/* End XCBuildConfiguration section */

/* Begin XCConfigurationList section */
		2B1FD675202B432D0031FF4E /* Build configuration list for PBXProject "iOS Sample" */ = {
			isa = XCConfigurationList;
			buildConfigurations = (
				2B1FD6A0202B432D0031FF4E /* Debug */,
				2B1FD6A1202B432D0031FF4E /* Release */,
			);
			defaultConfigurationIsVisible = 0;
			defaultConfigurationName = Release;
		};
		2B1FD6A2202B432D0031FF4E /* Build configuration list for PBXNativeTarget "iOS Sample" */ = {
			isa = XCConfigurationList;
			buildConfigurations = (
				2B1FD6A3202B432D0031FF4E /* Debug */,
				2B1FD6A4202B432D0031FF4E /* Release */,
			);
			defaultConfigurationIsVisible = 0;
			defaultConfigurationName = Release;
		};
		2B1FD6A5202B432D0031FF4E /* Build configuration list for PBXNativeTarget "iOS SampleTests" */ = {
			isa = XCConfigurationList;
			buildConfigurations = (
				2B1FD6A6202B432D0031FF4E /* Debug */,
				2B1FD6A7202B432D0031FF4E /* Release */,
			);
			defaultConfigurationIsVisible = 0;
			defaultConfigurationName = Release;
		};
		2B1FD6A8202B432D0031FF4E /* Build configuration list for PBXNativeTarget "iOS SampleUITests" */ = {
			isa = XCConfigurationList;
			buildConfigurations = (
				2B1FD6A9202B432D0031FF4E /* Debug */,
				2B1FD6AA202B432D0031FF4E /* Release */,
			);
			defaultConfigurationIsVisible = 0;
			defaultConfigurationName = Release;
		};
/* End XCConfigurationList section */
	};
	rootObject = 2B1FD672202B432D0031FF4E /* Project object */;
}
